
Microsoft Visual Studio Solution File, Format Version 12.00
# Visual Studio Version 17
VisualStudioVersion = 17.0.31903.59
MinimumVisualStudioVersion = 10.0.40219.1
Project("{2150E333-8FDC-42A3-9474-1A3956D46DE8}") = "src", "src", "{E7F8DDF0-39FA-4BEA-9BE7-D751B3635198}"
EndProject
Project("{2150E333-8FDC-42A3-9474-1A3956D46DE8}") = "Eva.Catalog", "Eva.Catalog", "{FD1EA789-F0C0-483A-B367-B19131D907AE}"
EndProject
Project("{FAE04EC0-301F-11D3-BF4B-00C04F79EFBC}") = "Eva.Catalog.Api", "src\Eva.Catalog\Eva.Catalog.Api\Eva.Catalog.Api.csproj", "{7684F652-FF62-455A-9D66-41D3215C5AC9}"
EndProject
Project("{2150E333-8FDC-42A3-9474-1A3956D46DE8}") = "Eva.Orders", "Eva.Orders", "{5AEF87FD-5D23-479A-B2BF-593F30A30F3F}"
EndProject
Project("{FAE04EC0-301F-11D3-BF4B-00C04F79EFBC}") = "Eva.Orders.Infrastructure", "src\Eva.Orders\Eva.Orders.Infrastructure\Eva.Orders.Infrastructure.csproj", "{1DC47BB3-3071-4E1F-BC38-1AC6B76664EF}"
EndProject
Project("{FAE04EC0-301F-11D3-BF4B-00C04F79EFBC}") = "Eva.Orders.Domain", "src\Eva.Orders\Eva.Orders.Domain\Eva.Orders.Domain.csproj", "{3E9F93E6-543B-4B04-8339-833DE05E2F09}"
EndProject
Project("{FAE04EC0-301F-11D3-BF4B-00C04F79EFBC}") = "Eva.Orders.Application", "src\Eva.Orders\Eva.Orders.Application\Eva.Orders.Application.csproj", "{471B182F-F08A-4611-8399-0250BAB5DEF8}"
EndProject
Project("{FAE04EC0-301F-11D3-BF4B-00C04F79EFBC}") = "Eva.Orders.Api", "src\Eva.Orders\Eva.Orders.Api\Eva.Orders.Api.csproj", "{4DF51589-27F9-444C-BAA0-792679DA8DD1}"
EndProject
Project("{2150E333-8FDC-42A3-9474-1A3956D46DE8}") = "Eva.Gateway", "Eva.Gateway", "{8C5E20A9-1E88-4660-B9D6-FB4193A0E0DA}"
EndProject
Project("{FAE04EC0-301F-11D3-BF4B-00C04F79EFBC}") = "Eva.Gateway.Api", "src\Eva.Gateway\Eva.Gateway.Api\Eva.Gateway.Api.csproj", "{D50E5929-E78A-4A04-BEC9-222F96B35BED}"
EndProject
Project("{FAE04EC0-301F-11D3-BF4B-00C04F79EFBC}") = "Eva.Catalog.Infrastructure", "src\Eva.Catalog\Eva.Catalog.Infrastructure\Eva.Catalog.Infrastructure.csproj", "{C5EE4EA4-59D9-401B-8D45-18149C6E3C75}"
EndProject
Project("{FAE04EC0-301F-11D3-BF4B-00C04F79EFBC}") = "Eva.Catalog.Domain", "src\Eva.Catalog\Eva.Catalog.Domain\Eva.Catalog.Domain.csproj", "{A668B12E-0C67-4405-858C-73D896F40CCF}"
EndProject
Project("{FAE04EC0-301F-11D3-BF4B-00C04F79EFBC}") = "Eva.Catalog.Application", "src\Eva.Catalog\Eva.Catalog.Application\Eva.Catalog.Application.csproj", "{8F64B3F6-1203-4D41-ADD3-6E8B9A7A6F5D}"
EndProject
Global
	GlobalSection(SolutionConfigurationPlatforms) = preSolution
		Debug|Any CPU = Debug|Any CPU
		Release|Any CPU = Release|Any CPU
	EndGlobalSection
	GlobalSection(SolutionProperties) = preSolution
		HideSolutionNode = FALSE
	EndGlobalSection
	GlobalSection(ProjectConfigurationPlatforms) = postSolution
		{7684F652-FF62-455A-9D66-41D3215C5AC9}.Debug|Any CPU.ActiveCfg = Debug|Any CPU
		{7684F652-FF62-455A-9D66-41D3215C5AC9}.Debug|Any CPU.Build.0 = Debug|Any CPU
		{7684F652-FF62-455A-9D66-41D3215C5AC9}.Release|Any CPU.ActiveCfg = Release|Any CPU
		{7684F652-FF62-455A-9D66-41D3215C5AC9}.Release|Any CPU.Build.0 = Release|Any CPU
		{1DC47BB3-3071-4E1F-BC38-1AC6B76664EF}.Debug|Any CPU.ActiveCfg = Debug|Any CPU
		{1DC47BB3-3071-4E1F-BC38-1AC6B76664EF}.Debug|Any CPU.Build.0 = Debug|Any CPU
		{1DC47BB3-3071-4E1F-BC38-1AC6B76664EF}.Release|Any CPU.ActiveCfg = Release|Any CPU
		{1DC47BB3-3071-4E1F-BC38-1AC6B76664EF}.Release|Any CPU.Build.0 = Release|Any CPU
		{3E9F93E6-543B-4B04-8339-833DE05E2F09}.Debug|Any CPU.ActiveCfg = Debug|Any CPU
		{3E9F93E6-543B-4B04-8339-833DE05E2F09}.Debug|Any CPU.Build.0 = Debug|Any CPU
		{3E9F93E6-543B-4B04-8339-833DE05E2F09}.Release|Any CPU.ActiveCfg = Release|Any CPU
		{3E9F93E6-543B-4B04-8339-833DE05E2F09}.Release|Any CPU.Build.0 = Release|Any CPU
		{471B182F-F08A-4611-8399-0250BAB5DEF8}.Debug|Any CPU.ActiveCfg = Debug|Any CPU
		{471B182F-F08A-4611-8399-0250BAB5DEF8}.Debug|Any CPU.Build.0 = Debug|Any CPU
		{471B182F-F08A-4611-8399-0250BAB5DEF8}.Release|Any CPU.ActiveCfg = Release|Any CPU
		{471B182F-F08A-4611-8399-0250BAB5DEF8}.Release|Any CPU.Build.0 = Release|Any CPU
		{4DF51589-27F9-444C-BAA0-792679DA8DD1}.Debug|Any CPU.ActiveCfg = Debug|Any CPU
		{4DF51589-27F9-444C-BAA0-792679DA8DD1}.Debug|Any CPU.Build.0 = Debug|Any CPU
		{4DF51589-27F9-444C-BAA0-792679DA8DD1}.Release|Any CPU.ActiveCfg = Release|Any CPU
		{4DF51589-27F9-444C-BAA0-792679DA8DD1}.Release|Any CPU.Build.0 = Release|Any CPU
		{D50E5929-E78A-4A04-BEC9-222F96B35BED}.Debug|Any CPU.ActiveCfg = Debug|Any CPU
		{D50E5929-E78A-4A04-BEC9-222F96B35BED}.Debug|Any CPU.Build.0 = Debug|Any CPU
		{D50E5929-E78A-4A04-BEC9-222F96B35BED}.Release|Any CPU.ActiveCfg = Release|Any CPU
		{D50E5929-E78A-4A04-BEC9-222F96B35BED}.Release|Any CPU.Build.0 = Release|Any CPU
		{C5EE4EA4-59D9-401B-8D45-18149C6E3C75}.Debug|Any CPU.ActiveCfg = Debug|Any CPU
		{C5EE4EA4-59D9-401B-8D45-18149C6E3C75}.Debug|Any CPU.Build.0 = Debug|Any CPU
		{C5EE4EA4-59D9-401B-8D45-18149C6E3C75}.Release|Any CPU.ActiveCfg = Release|Any CPU
		{C5EE4EA4-59D9-401B-8D45-18149C6E3C75}.Release|Any CPU.Build.0 = Release|Any CPU
		{A668B12E-0C67-4405-858C-73D896F40CCF}.Debug|Any CPU.ActiveCfg = Debug|Any CPU
		{A668B12E-0C67-4405-858C-73D896F40CCF}.Debug|Any CPU.Build.0 = Debug|Any CPU
		{A668B12E-0C67-4405-858C-73D896F40CCF}.Release|Any CPU.ActiveCfg = Release|Any CPU
		{A668B12E-0C67-4405-858C-73D896F40CCF}.Release|Any CPU.Build.0 = Release|Any CPU
		{8F64B3F6-1203-4D41-ADD3-6E8B9A7A6F5D}.Debug|Any CPU.ActiveCfg = Debug|Any CPU
		{8F64B3F6-1203-4D41-ADD3-6E8B9A7A6F5D}.Debug|Any CPU.Build.0 = Debug|Any CPU
		{8F64B3F6-1203-4D41-ADD3-6E8B9A7A6F5D}.Release|Any CPU.ActiveCfg = Release|Any CPU
		{8F64B3F6-1203-4D41-ADD3-6E8B9A7A6F5D}.Release|Any CPU.Build.0 = Release|Any CPU
	EndGlobalSection
	GlobalSection(NestedProjects) = preSolution
		{FD1EA789-F0C0-483A-B367-B19131D907AE} = {E7F8DDF0-39FA-4BEA-9BE7-D751B3635198}
		{7684F652-FF62-455A-9D66-41D3215C5AC9} = {FD1EA789-F0C0-483A-B367-B19131D907AE}
		{5AEF87FD-5D23-479A-B2BF-593F30A30F3F} = {E7F8DDF0-39FA-4BEA-9BE7-D751B3635198}
		{1DC47BB3-3071-4E1F-BC38-1AC6B76664EF} = {5AEF87FD-5D23-479A-B2BF-593F30A30F3F}
		{3E9F93E6-543B-4B04-8339-833DE05E2F09} = {5AEF87FD-5D23-479A-B2BF-593F30A30F3F}
		{471B182F-F08A-4611-8399-0250BAB5DEF8} = {5AEF87FD-5D23-479A-B2BF-593F30A30F3F}
		{4DF51589-27F9-444C-BAA0-792679DA8DD1} = {5AEF87FD-5D23-479A-B2BF-593F30A30F3F}
		{8C5E20A9-1E88-4660-B9D6-FB4193A0E0DA} = {E7F8DDF0-39FA-4BEA-9BE7-D751B3635198}
		{D50E5929-E78A-4A04-BEC9-222F96B35BED} = {8C5E20A9-1E88-4660-B9D6-FB4193A0E0DA}
		{C5EE4EA4-59D9-401B-8D45-18149C6E3C75} = {FD1EA789-F0C0-483A-B367-B19131D907AE}
		{A668B12E-0C67-4405-858C-73D896F40CCF} = {FD1EA789-F0C0-483A-B367-B19131D907AE}
		{8F64B3F6-1203-4D41-ADD3-6E8B9A7A6F5D} = {FD1EA789-F0C0-483A-B367-B19131D907AE}
	EndGlobalSection
EndGlobal
